
Microsoft Visual Studio Solution File, Format Version 12.00
# Visual Studio 2013
VisualStudioVersion = 12.0.30723.0
MinimumVisualStudioVersion = 10.0.40219.1
Project("{2150E333-8FDC-42A3-9474-1A3956D46DE8}") = ".nuget", ".nuget", "{D3F8359D-B14F-44BA-8606-E3E9B2B9B7E0}"
EndProject
Project("{F2A71F9B-5D33-465A-A702-920D77279786}") = "FsRx", "FsRx\FsRx.fsproj", "{5F2A4DDD-B1B5-4D3A-9E32-B4BF3A3F79E8}"
EndProject
Global
	GlobalSection(SolutionConfigurationPlatforms) = preSolution
		Debug|Any CPU = Debug|Any CPU
		Release 040|Any CPU = Release 040|Any CPU
		Release 045|Any CPU = Release 045|Any CPU
		Release 0451|Any CPU = Release 0451|Any CPU
		Release|Any CPU = Release|Any CPU
	EndGlobalSection
	GlobalSection(ProjectConfigurationPlatforms) = postSolution
		{5F2A4DDD-B1B5-4D3A-9E32-B4BF3A3F79E8}.Debug|Any CPU.ActiveCfg = Debug|Any CPU
		{5F2A4DDD-B1B5-4D3A-9E32-B4BF3A3F79E8}.Debug|Any CPU.Build.0 = Debug|Any CPU
		{5F2A4DDD-B1B5-4D3A-9E32-B4BF3A3F79E8}.Release 040|Any CPU.ActiveCfg = Release 040|Any CPU
		{5F2A4DDD-B1B5-4D3A-9E32-B4BF3A3F79E8}.Release 040|Any CPU.Build.0 = Release 040|Any CPU
		{5F2A4DDD-B1B5-4D3A-9E32-B4BF3A3F79E8}.Release 045|Any CPU.ActiveCfg = Release 045|Any CPU
		{5F2A4DDD-B1B5-4D3A-9E32-B4BF3A3F79E8}.Release 045|Any CPU.Build.0 = Release 045|Any CPU
		{5F2A4DDD-B1B5-4D3A-9E32-B4BF3A3F79E8}.Release 0451|Any CPU.ActiveCfg = Release 0451|Any CPU
		{5F2A4DDD-B1B5-4D3A-9E32-B4BF3A3F79E8}.Release 0451|Any CPU.Build.0 = Release 0451|Any CPU
		{5F2A4DDD-B1B5-4D3A-9E32-B4BF3A3F79E8}.Release|Any CPU.ActiveCfg = Release|Any CPU
		{5F2A4DDD-B1B5-4D3A-9E32-B4BF3A3F79E8}.Release|Any CPU.Build.0 = Release|Any CPU
	EndGlobalSection
	GlobalSection(SolutionProperties) = preSolution
		HideSolutionNode = FALSE
	EndGlobalSection
EndGlobal
